
Microsoft Visual Studio Solution File, Format Version 12.00
# Visual Studio 2013
VisualStudioVersion = 12.0.31101.0
MinimumVisualStudioVersion = 10.0.40219.1
Project("{FAE04EC0-301F-11D3-BF4B-00C04F79EFBC}") = "UI.Dos", "UI.Dos\UI.Dos.csproj", "{A1CA04CA-7F7C-416B-AE86-460619DD69CA}"
EndProject
Project("{FAE04EC0-301F-11D3-BF4B-00C04F79EFBC}") = "TISelvagem.Repositorio", "TISelvagem.Repositorio\TISelvagem.Repositorio.csproj", "{69CE1BC0-0DA2-4C86-88A5-403E487E0497}"
EndProject
Project("{FAE04EC0-301F-11D3-BF4B-00C04F79EFBC}") = "TISelvagem.Dominio", "TISelvagem.Dominio\TISelvagem.Dominio.csproj", "{C865B09C-2469-43D7-93E8-D35F69A80F95}"
EndProject
Project("{FAE04EC0-301F-11D3-BF4B-00C04F79EFBC}") = "TISelvagem.Aplicacao", "TISelvagem.Aplicacao\TISelvagem.Aplicacao.csproj", "{8AA64E36-DF37-4889-9AAE-4F787037FD02}"
EndProject
Project("{FAE04EC0-301F-11D3-BF4B-00C04F79EFBC}") = "TISelvagem.UI.Web", "TISelvagem.UI.Web\TISelvagem.UI.Web.csproj", "{4EE82547-DD99-43AF-A8D6-FEA60CB6654E}"
EndProject
Global
	GlobalSection(SolutionConfigurationPlatforms) = preSolution
		Debug|Any CPU = Debug|Any CPU
		Release|Any CPU = Release|Any CPU
	EndGlobalSection
	GlobalSection(ProjectConfigurationPlatforms) = postSolution
		{A1CA04CA-7F7C-416B-AE86-460619DD69CA}.Debug|Any CPU.ActiveCfg = Debug|Any CPU
		{A1CA04CA-7F7C-416B-AE86-460619DD69CA}.Debug|Any CPU.Build.0 = Debug|Any CPU
		{A1CA04CA-7F7C-416B-AE86-460619DD69CA}.Release|Any CPU.ActiveCfg = Release|Any CPU
		{A1CA04CA-7F7C-416B-AE86-460619DD69CA}.Release|Any CPU.Build.0 = Release|Any CPU
		{69CE1BC0-0DA2-4C86-88A5-403E487E0497}.Debug|Any CPU.ActiveCfg = Debug|Any CPU
		{69CE1BC0-0DA2-4C86-88A5-403E487E0497}.Debug|Any CPU.Build.0 = Debug|Any CPU
		{69CE1BC0-0DA2-4C86-88A5-403E487E0497}.Release|Any CPU.ActiveCfg = Release|Any CPU
		{69CE1BC0-0DA2-4C86-88A5-403E487E0497}.Release|Any CPU.Build.0 = Release|Any CPU
		{C865B09C-2469-43D7-93E8-D35F69A80F95}.Debug|Any CPU.ActiveCfg = Debug|Any CPU
		{C865B09C-2469-43D7-93E8-D35F69A80F95}.Debug|Any CPU.Build.0 = Debug|Any CPU
		{C865B09C-2469-43D7-93E8-D35F69A80F95}.Release|Any CPU.ActiveCfg = Release|Any CPU
		{C865B09C-2469-43D7-93E8-D35F69A80F95}.Release|Any CPU.Build.0 = Release|Any CPU
		{8AA64E36-DF37-4889-9AAE-4F787037FD02}.Debug|Any CPU.ActiveCfg = Debug|Any CPU
		{8AA64E36-DF37-4889-9AAE-4F787037FD02}.Debug|Any CPU.Build.0 = Debug|Any CPU
		{8AA64E36-DF37-4889-9AAE-4F787037FD02}.Release|Any CPU.ActiveCfg = Release|Any CPU
		{8AA64E36-DF37-4889-9AAE-4F787037FD02}.Release|Any CPU.Build.0 = Release|Any CPU
		{4EE82547-DD99-43AF-A8D6-FEA60CB6654E}.Debug|Any CPU.ActiveCfg = Debug|Any CPU
		{4EE82547-DD99-43AF-A8D6-FEA60CB6654E}.Debug|Any CPU.Build.0 = Debug|Any CPU
		{4EE82547-DD99-43AF-A8D6-FEA60CB6654E}.Release|Any CPU.ActiveCfg = Release|Any CPU
		{4EE82547-DD99-43AF-A8D6-FEA60CB6654E}.Release|Any CPU.Build.0 = Release|Any CPU
	EndGlobalSection
	GlobalSection(SolutionProperties) = preSolution
		HideSolutionNode = FALSE
	EndGlobalSection
EndGlobal
